
Microsoft Visual Studio Solution File, Format Version 12.00
Project("{2150E333-8FDC-42A3-9474-1A3956D46DE8}") = "Items", "Items", "{1685160F-BE31-4973-A81E-8F84B0786AE5}"
	ProjectSection(SolutionItems) = preProject
		docker-compose.yml = docker-compose.yml
		SharedVolume\nginx.conf = SharedVolume\nginx.conf
		SharedVolume\prometheus.yml = SharedVolume\prometheus.yml
	EndProjectSection
EndProject
Project("{FAE04EC0-301F-11D3-BF4B-00C04F79EFBC}") = "FP-FAP", "FP-FAP\FP-FAP.csproj", "{2625F9EF-A8BD-416B-A558-DE72D5865555}"
EndProject
Project("{FAE04EC0-301F-11D3-BF4B-00C04F79EFBC}") = "FP-Chat", "FP-Chat\FP-Chat.csproj", "{1775E2C7-1708-42D7-B06F-182007C1D9BE}"
EndProject
Global
	GlobalSection(SolutionConfigurationPlatforms) = preSolution
		Debug|Any CPU = Debug|Any CPU
		Release|Any CPU = Release|Any CPU
	EndGlobalSection
	GlobalSection(ProjectConfigurationPlatforms) = postSolution
		{2625F9EF-A8BD-416B-A558-DE72D5865555}.Debug|Any CPU.ActiveCfg = Debug|Any CPU
		{2625F9EF-A8BD-416B-A558-DE72D5865555}.Debug|Any CPU.Build.0 = Debug|Any CPU
		{2625F9EF-A8BD-416B-A558-DE72D5865555}.Release|Any CPU.ActiveCfg = Release|Any CPU
		{2625F9EF-A8BD-416B-A558-DE72D5865555}.Release|Any CPU.Build.0 = Release|Any CPU
		{1775E2C7-1708-42D7-B06F-182007C1D9BE}.Debug|Any CPU.ActiveCfg = Debug|Any CPU
		{1775E2C7-1708-42D7-B06F-182007C1D9BE}.Debug|Any CPU.Build.0 = Debug|Any CPU
		{1775E2C7-1708-42D7-B06F-182007C1D9BE}.Release|Any CPU.ActiveCfg = Release|Any CPU
		{1775E2C7-1708-42D7-B06F-182007C1D9BE}.Release|Any CPU.Build.0 = Release|Any CPU
	EndGlobalSection
	GlobalSection(NestedProjects) = preSolution
	EndGlobalSection
EndGlobal
